{
  "nodes": {
    "bend": {
      "inputs": {
        "nixpkgs": [
          "nixpkgs"
        ]
      },
      "locked": {
        "lastModified": 1790643370,
        "narHash": "sha256-VYGPIHkNeccEaBHGer1B7+GNiWKQBiN/iiS7PozBXx0=",
        "owner": "bendlang",
        "repo": "bend",
        "rev": "777ee0b55c485afdd7e68bd917b3d23a88d77371",
        "type": "github"
      },
      "original": {
        "owner": "bendlang",
        "repo": "bend",
        "rev": "777ee0b55c485afdd7e68bd917b3d23a88d77371",
        "type": "github"
      }
    },
    "ez": {
      "inputs": {
        "bend": [
          "bend"
        ],
        "nixpkgs": [
          "nixpkgs"
        ]
      },
      "locked": {
        "lastModified": 1790728355,
        "narHash": "sha256-rqK6Ih2pdfInfGv81X0LOnt37+VaNYdcis77NMwliHg=",
        "owner": "Emerging-Patterns",
        "repo": "ez",
        "rev": "8748a3505c2b46c0320cf3345eb743443dd8f2f5",
        "type": "github"
      },
      "original": {
        "owner": "Emerging-Patterns",
        "repo": "ez",
        "type": "github"
      }
    },
    "nixpkgs": {
      "locked": {
        "lastModified": 1789921291,
        "narHash": "sha256-Ft/BRnIqw1MywFoXydKobjjWmDFgDdYtSpJliE8+yUw=",
        "owner": "NixOS",
        "repo": "nixpkgs",
        "rev": "44a91898084f46797b5fac650c7e8c9ac38c43d4",
        "type": "github"
      },
      "original": {
        "owner": "NixOS",
        "ref": "nixos-unstable",
        "repo": "nixpkgs",
        "type": "github"
      }
    },
    "root": {
      "inputs": {
        "bend": "bend",
        "ez": "ez",
        "nixpkgs": "nixpkgs"
      }
    }
  },
  "root": "root",
  "version": 7
}
